// !$*UTF8*$!
{
	archiveVersion = 1;
	classes = {
	};
	objectVersion = 46;
	objects = {

/* Begin PBXBuildFile section */
		926884651C31574500EB599A /* AppDelegate.swift in Sources */ = {isa = PBXBuildFile; fileRef = 926884641C31574500EB599A /* AppDelegate.swift */; };
		926884671C31574500EB599A /* ViewController.swift in Sources */ = {isa = PBXBuildFile; fileRef = 926884661C31574500EB599A /* ViewController.swift */; };
		9268846A1C31574500EB599A /* Main.storyboard in Resources */ = {isa = PBXBuildFile; fileRef = 926884681C31574500EB599A /* Main.storyboard */; };
		9268846C1C31574500EB599A /* Assets.xcassets in Resources */ = {isa = PBXBuildFile; fileRef = 9268846B1C31574500EB599A /* Assets.xcassets */; };
		9268846F1C31574500EB599A /* LaunchScreen.storyboard in Resources */ = {isa = PBXBuildFile; fileRef = 9268846D1C31574500EB599A /* LaunchScreen.storyboard */; };
		926884781C31575F00EB599A /* UITableView+HeaderView.swift in Sources */ = {isa = PBXBuildFile; fileRef = 926884771C31575F00EB599A /* UITableView+HeaderView.swift */; };
/* End PBXBuildFile section */

/* Begin PBXFileReference section */
		926884611C31574500EB599A /* TableHeaderView.app */ = {isa = PBXFileReference; explicitFileType = wrapper.application; includeInIndex = 0; path = TableHeaderView.app; sourceTree = BUILT_PRODUCTS_DIR; };
		926884641C31574500EB599A /* AppDelegate.swift */ = {isa = PBXFileReference; lastKnownFileType = sourcecode.swift; path = AppDelegate.swift; sourceTree = "<group>"; };
		926884661C31574500EB599A /* ViewController.swift */ = {isa = PBXFileReference; lastKnownFileType = sourcecode.swift; path = ViewController.swift; sourceTree = "<group>"; };
		926884691C31574500EB599A /* Base */ = {isa = PBXFileReference; lastKnownFileType = file.storyboard; name = Base; path = Base.lproj/Main.storyboard; sourceTree = "<group>"; };
		9268846B1C31574500EB599A /* Assets.xcassets */ = {isa = PBXFileReference; lastKnownFileType = folder.assetcatalog; path = Assets.xcassets; sourceTree = "<group>"; };
		9268846E1C31574500EB599A /* Base */ = {isa = PBXFileReference; lastKnownFileType = file.storyboard; name = Base; path = Base.lproj/LaunchScreen.storyboard; sourceTree = "<group>"; };
		926884701C31574500EB599A /* Info.plist */ = {isa = PBXFileReference; lastKnownFileType = text.plist.xml; path = Info.plist; sourceTree = "<group>"; };
		926884771C31575F00EB599A /* UITableView+HeaderView.swift */ = {isa = PBXFileReference; fileEncoding = 4; lastKnownFileType = sourcecode.swift; path = "UITableView+HeaderView.swift"; sourceTree = "<group>"; };
/* End PBXFileReference section */

/* Begin PBXFrameworksBuildPhase section */
		9268845E1C31574500EB599A /* Frameworks */ = {
			isa = PBXFrameworksBuildPhase;
			buildActionMask = 2147483647;
			files = (
			);
			runOnlyForDeploymentPostprocessing = 0;
		};
/* End PBXFrameworksBuildPhase section */

/* Begin PBXGroup section */
		926884581C31574500EB599A = {
			isa = PBXGroup;
			children = (
				926884631C31574500EB599A /* TableHeaderView */,
				926884621C31574500EB599A /* Products */,
			);
			sourceTree = "<group>";
		};
		926884621C31574500EB599A /* Products */ = {
			isa = PBXGroup;
			children = (
				926884611C31574500EB599A /* TableHeaderView.app */,
			);
			name = Products;
			sourceTree = "<group>";
		};
		926884631C31574500EB599A /* TableHeaderView */ = {
			isa = PBXGroup;
			children = (
				926884641C31574500EB599A /* AppDelegate.swift */,
				926884661C31574500EB599A /* ViewController.swift */,
				926884761C31575300EB599A /* Extensions */,
				926884681C31574500EB599A /* Main.storyboard */,
				9268846B1C31574500EB599A /* Assets.xcassets */,
				9268846D1C31574500EB599A /* LaunchScreen.storyboard */,
				926884701C31574500EB599A /* Info.plist */,
			);
			path = TableHeaderView;
			sourceTree = "<group>";
		};
		926884761C31575300EB599A /* Extensions */ = {
			isa = PBXGroup;
			children = (
				926884771C31575F00EB599A /* UITableView+HeaderView.swift */,
			);
			path = Extensions;
			sourceTree = "<group>";
		};
/* End PBXGroup section */

/* Begin PBXNativeTarget section */
		926884601C31574500EB599A /* TableHeaderView */ = {
			isa = PBXNativeTarget;
			buildConfigurationList = 926884731C31574500EB599A /* Build configuration list for PBXNativeTarget "TableHeaderView" */;
			buildPhases = (
				9268845D1C31574500EB599A /* Sources */,
				9268845E1C31574500EB599A /* Frameworks */,
				9268845F1C31574500EB599A /* Resources */,
			);
			buildRules = (
			);
			dependencies = (
			);
			name = TableHeaderView;
			productName = TableHeaderView;
			productReference = 926884611C31574500EB599A /* TableHeaderView.app */;
			productType = "com.apple.product-type.application";
		};
/* End PBXNativeTarget section */

/* Begin PBXProject section */
		926884591C31574500EB599A /* Project object */ = {
			isa = PBXProject;
			attributes = {
				LastSwiftUpdateCheck = 0720;
				LastUpgradeCheck = 0720;
				ORGANIZATIONNAME = "Kiet Nguyen";
				TargetAttributes = {
					926884601C31574500EB599A = {
						CreatedOnToolsVersion = 7.2;
					};
				};
			};
			buildConfigurationList = 9268845C1C31574500EB599A /* Build configuration list for PBXProject "TableHeaderView" */;
			compatibilityVersion = "Xcode 3.2";
			developmentRegion = English;
			hasScannedForEncodings = 0;
			knownRegions = (
				en,
				Base,
			);
			mainGroup = 926884581C31574500EB599A;
			productRefGroup = 926884621C31574500EB599A /* Products */;
			projectDirPath = "";
			projectRoot = "";
			targets = (
				926884601C31574500EB599A /* TableHeaderView */,
			);
		};
/* End PBXProject section */

/* Begin PBXResourcesBuildPhase section */
		9268845F1C31574500EB599A /* Resources */ = {
			isa = PBXResourcesBuildPhase;
			buildActionMask = 2147483647;
			files = (
				9268846F1C31574500EB599A /* LaunchScreen.storyboard in Resources */,
				9268846C1C31574500EB599A /* Assets.xcassets in Resources */,
				9268846A1C31574500EB599A /* Main.storyboard in Resources */,
			);
			runOnlyForDeploymentPostprocessing = 0;
		};
/* End PBXResourcesBuildPhase section */

/* Begin PBXSourcesBuildPhase section */
		9268845D1C31574500EB599A /* Sources */ = {
			isa = PBXSourcesBuildPhase;
			buildActionMask = 2147483647;
			files = (
				926884781C31575F00EB599A /* UITableView+HeaderView.swift in Sources */,
				926884671C31574500EB599A /* ViewController.swift in Sources */,
				926884651C31574500EB599A /* AppDelegate.swift in Sources */,
			);
			runOnlyForDeploymentPostprocessing = 0;
		};
/* End PBXSourcesBuildPhase section */

/* Begin PBXVariantGroup section */
		926884681C31574500EB599A /* Main.storyboard */ = {
			isa = PBXVariantGroup;
			children = (
				926884691C31574500EB599A /* Base */,
			);
			name = Main.storyboard;
			sourceTree = "<group>";
		};
		9268846D1C31574500EB599A /* LaunchScreen.storyboard */ = {
			isa = PBXVariantGroup;
			children = (
				9268846E1C31574500EB599A /* Base */,
			);
			name = LaunchScreen.storyboard;
			sourceTree = "<group>";
		};
/* End PBXVariantGroup section */

/* Begin XCBuildConfiguration section */
		926884711C31574500EB599A /* Debug */ = {
			isa = XCBuildConfiguration;
			buildSettings = {
				ALWAYS_SEARCH_USER_PATHS = NO;
				CLANG_CXX_LANGUAGE_STANDARD = "gnu++0x";
				CLANG_CXX_LIBRARY = "libc++";
				CLANG_ENABLE_MODULES = YES;
				CLANG_ENABLE_OBJC_ARC = YES;
				CLANG_WARN_BOOL_CONVERSION = YES;
				CLANG_WARN_CONSTANT_CONVERSION = YES;
				CLANG_WARN_DIRECT_OBJC_ISA_USAGE = YES_ERROR;
				CLANG_WARN_EMPTY_BODY = YES;
				CLANG_WARN_ENUM_CONVERSION = YES;
				CLANG_WARN_INT_CONVERSION = YES;
				CLANG_WARN_OBJC_ROOT_CLASS = YES_ERROR;
				CLANG_WARN_UNREACHABLE_CODE = YES;
				CLANG_WARN__DUPLICATE_METHOD_MATCH = YES;
				"CODE_SIGN_IDENTITY[sdk=iphoneos*]" = "iPhone Developer";
				COPY_PHASE_STRIP = NO;
				DEBUG_INFORMATION_FORMAT = dwarf;
				ENABLE_STRICT_OBJC_MSGSEND = YES;
				ENABLE_TESTABILITY = YES;
				GCC_C_LANGUAGE_STANDARD = gnu99;
				GCC_DYNAMIC_NO_PIC = NO;
				GCC_NO_COMMON_BLOCKS = YES;
				GCC_OPTIMIZATION_LEVEL = 0;
				GCC_PREPROCESSOR_DEFINITIONS = (
					"DEBUG=1",
					"$(inherited)",
				);
				GCC_WARN_64_TO_32_BIT_CONVERSION = YES;
				GCC_WARN_ABOUT_RETURN_TYPE = YES_ERROR;
				GCC_WARN_UNDECLARED_SELECTOR = YES;
				GCC_WARN_UNINITIALIZED_AUTOS = YES_AGGRESSIVE;
				GCC_WARN_UNUSED_FUNCTION = YES;
				GCC_WARN_UNUSED_VARIABLE = YES;
				IPHONEOS_DEPLOYMENT_TARGET = 9.2;
				MTL_ENABLE_DEBUG_INFO = YES;
				ONLY_ACTIVE_ARCH = YES;
				SDKROOT = iphoneos;
				SWIFT_OPTIMIZATION_LEVEL = "-Onone";
			};
			name = Debug;
		};
		926884721C31574500EB599A /* Release */ = {
			isa = XCBuildConfiguration;
			buildSettings = {
				ALWAYS_SEARCH_USER_PATHS = NO;
				CLANG_CXX_LANGUAGE_STANDARD = "gnu++0x";
				CLANG_CXX_LIBRARY = "libc++";
				CLANG_ENABLE_MODULES = YES;
				CLANG_ENABLE_OBJC_ARC = YES;
				CLANG_WARN_BOOL_CONVERSION = YES;
				CLANG_WARN_CONSTANT_CONVERSION = YES;
				CLANG_WARN_DIRECT_OBJC_ISA_USAGE = YES_ERROR;
				CLANG_WARN_EMPTY_BODY = YES;
				CLANG_WARN_ENUM_CONVERSION = YES;
				CLANG_WARN_INT_CONVERSION = YES;
				CLANG_WARN_OBJC_ROOT_CLASS = YES_ERROR;
				CLANG_WARN_UNREACHABLE_CODE = YES;
				CLANG_WARN__DUPLICATE_METHOD_MATCH = YES;
				"CODE_SIGN_IDENTITY[sdk=iphoneos*]" = "iPhone Developer";
				COPY_PHASE_STRIP = NO;
				DEBUG_INFORMATION_FORMAT = "dwarf-with-dsym";
				ENABLE_NS_ASSERTIONS = NO;
				ENABLE_STRICT_OBJC_MSGSEND = YES;
				GCC_C_LANGUAGE_STANDARD = gnu99;
				GCC_NO_COMMON_BLOCKS = YES;
				GCC_WARN_64_TO_32_BIT_CONVERSION = YES;
				GCC_WARN_ABOUT_RETURN_TYPE = YES_ERROR;
				GCC_WARN_UNDECLARED_SELECTOR = YES;
				GCC_WARN_UNINITIALIZED_AUTOS = YES_AGGRESSIVE;
				GCC_WARN_UNUSED_FUNCTION = YES;
				GCC_WARN_UNUSED_VARIABLE = YES;
				IPHONEOS_DEPLOYMENT_TARGET = 9.2;
				MTL_ENABLE_DEBUG_INFO = NO;
				SDKROOT = iphoneos;
				VALIDATE_PRODUCT = YES;
			};
			name = Release;
		};
		926884741C31574500EB599A /* Debug */ = {
			isa = XCBuildConfiguration;
			buildSettings = {
				ASSETCATALOG_COMPILER_APPICON_NAME = AppIcon;
				INFOPLIST_FILE = TableHeaderView/Info.plist;
				IPHONEOS_DEPLOYMENT_TARGET = 8.0;
				LD_RUNPATH_SEARCH_PATHS = "$(inherited) @executable_path/Frameworks";
				PRODUCT_BUNDLE_IDENTIFIER = com.kietnguyen.TableHeaderView;
				PRODUCT_NAME = "$(TARGET_NAME)";
			};
			name = Debug;
		};
		926884751C31574500EB599A /* Release */ = {
			isa = XCBuildConfiguration;
			buildSettings = {
				ASSETCATALOG_COMPILER_APPICON_NAME = AppIcon;
				INFOPLIST_FILE = TableHeaderView/Info.plist;
				IPHONEOS_DEPLOYMENT_TARGET = 8.0;
				LD_RUNPATH_SEARCH_PATHS = "$(inherited) @executable_path/Frameworks";
				PRODUCT_BUNDLE_IDENTIFIER = com.kietnguyen.TableHeaderView;
				PRODUCT_NAME = "$(TARGET_NAME)";
			};
			name = Release;
		};
/* End XCBuildConfiguration section */

/* Begin XCConfigurationList section */
		9268845C1C31574500EB599A /* Build configuration list for PBXProject "TableHeaderView" */ = {
			isa = XCConfigurationList;
			buildConfigurations = (
				926884711C31574500EB599A /* Debug */,
				926884721C31574500EB599A /* Release */,
			);
			defaultConfigurationIsVisible = 0;
			defaultConfigurationName = Release;
		};
		926884731C31574500EB599A /* Build configuration list for PBXNativeTarget "TableHeaderView" */ = {
			isa = XCConfigurationList;
			buildConfigurations = (
				926884741C31574500EB599A /* Debug */,
				926884751C31574500EB599A /* Release */,
			);
			defaultConfigurationIsVisible = 0;
		};
/* End XCConfigurationList section */
	};
	rootObject = 926884591C31574500EB599A /* Project object */;
}
